
Microsoft Visual Studio Solution File, Format Version 12.00
# Visual Studio Version 17
VisualStudioVersion = 17.3.32929.385
MinimumVisualStudioVersion = 17.0.0.0
Project("{8BC9CEB8-8B4A-11D0-8D11-00A0C91BC942}") = "Win32DiskImagerRenewal", "DiskImager\DiskImager.vcxproj", "{700967AC-0FA9-4F5E-801C-3758BE4743C6}"
EndProject
Global
	GlobalSection(SolutionConfigurationPlatforms) = preSolution
		Debug|Win32 = Debug|Win32
		Debug|x64 = Debug|x64
		Release|Win32 = Release|Win32
		Release|x64 = Release|x64
	EndGlobalSection
	GlobalSection(ProjectConfigurationPlatforms) = postSolution
		{700967AC-0FA9-4F5E-801C-3758BE4743C6}.Debug|Win32.ActiveCfg = Debug|Win32
		{700967AC-0FA9-4F5E-801C-3758BE4743C6}.Debug|Win32.Build.0 = Debug|Win32
		{700967AC-0FA9-4F5E-801C-3758BE4743C6}.Debug|x64.ActiveCfg = Debug|x64
		{700967AC-0FA9-4F5E-801C-3758BE4743C6}.Debug|x64.Build.0 = Debug|x64
		{700967AC-0FA9-4F5E-801C-3758BE4743C6}.Release|Win32.ActiveCfg = Release|Win32
		{700967AC-0FA9-4F5E-801C-3758BE4743C6}.Release|Win32.Build.0 = Release|Win32
		{700967AC-0FA9-4F5E-801C-3758BE4743C6}.Release|x64.ActiveCfg = Release|x64
		{700967AC-0FA9-4F5E-801C-3758BE4743C6}.Release|x64.Build.0 = Release|x64
	EndGlobalSection
	GlobalSection(SolutionProperties) = preSolution
		HideSolutionNode = FALSE
	EndGlobalSection
	GlobalSection(ExtensibilityGlobals) = postSolution
		SolutionGuid = {626183E3-FE8B-473D-9A29-D9DFF65A1822}
	EndGlobalSection
EndGlobal
